<?xml version="1.0" encoding="utf-8"?>
<Project ToolsVersion="4.0" xmlns="http://schemas.microsoft.com/developer/msbuild/2003">
  <ItemGroup>
    <Filter Include="Source Files">
      <UniqueIdentifier>{4FC737F1-C7A5-4376-A066-2A32D752A2FF}</UniqueIdentifier>
      <Extensions>cpp;c;cc;cxx;def;odl;idl;hpj;bat;asm;asmx</Extensions>
    </Filter>
    <Filter Include="Header Files">
      <UniqueIdentifier>{93995380-89BD-4b04-88EB-625FBE52EBFB}</UniqueIdentifier>
      <Extensions>h;hh;hpp;hxx;hm;inl;inc;xsd</Extensions>
    </Filter>
    <Filter Include="Resource Files">
      <UniqueIdentifier>{D9D6E242-F8AF-46E4-B9FD-80ECBC20BA3E}</UniqueIdentifier>
      <Extensions>qrc;*</Extensions>
      <ParseFiles>false</ParseFiles>
    </Filter>
    <Filter Include="Form Files">
      <UniqueIdentifier>{99349809-55BA-4b9d-BF79-8FDBB0286EB3}</UniqueIdentifier>
      <Extensions>ui</Extensions>
    </Filter>
    <Filter Include="Resource Files">
      <UniqueIdentifier>{D9D6E242-F8AF-46E4-B9FD-80ECBC20BA3E}</UniqueIdentifier>
      <Extensions>qrc;*</Extensions>
      <ParseFiles>false</ParseFiles>
    </Filter>
    <Filter Include="Generated Files">
      <UniqueIdentifier>{71ED8ED8-ACB9-4CE9-BBE1-E00B30144E11}</UniqueIdentifier>
      <Extensions>moc;h;cpp</Extensions>
      <SourceControlFiles>False</SourceControlFiles>
    </Filter>
    <Filter Include="rtk">
      <UniqueIdentifier>{76470de7-3827-45ce-99f4-2b11ac8c0a6f}</UniqueIdentifier>
    </Filter>
  </ItemGroup>
  <ItemGroup>
    <QtMoc Include="..\src\ClientModuleUI.h">
      <Filter>Header Files</Filter>
    </QtMoc>
    <QtMoc Include="..\src\LogicCenter.h">
      <Filter>Header Files</Filter>
    </QtMoc>
    <QtMoc Include="..\src\LogModuleUI.h">
      <Filter>Header Files</Filter>
    </QtMoc>
    <QtMoc Include="..\src\NetManager.h">
      <Filter>Header Files</Filter>
    </QtMoc>
    <QtMoc Include="..\src\NtripClient.h">
      <Filter>Header Files</Filter>
    </QtMoc>
    <QtMoc Include="..\src\openrtk_qt.h">
      <Filter>Header Files</Filter>
    </QtMoc>
    <QtMoc Include="..\src\SatelliteModuleUI.h">
      <Filter>Header Files</Filter>
    </QtMoc>
    <QtMoc Include="..\src\SingleClientConfigUI.h">
      <Filter>Header Files</Filter>
    </QtMoc>
  </ItemGroup>
  <ItemGroup>
    <QtUic Include="..\src\ClientModuleUI.ui">
      <Filter>Form Files</Filter>
    </QtUic>
    <QtUic Include="..\src\LogModuleUI.ui">
      <Filter>Form Files</Filter>
    </QtUic>
    <QtUic Include="..\src\openrtk_qt.ui">
      <Filter>Form Files</Filter>
    </QtUic>
    <QtUic Include="..\src\SatelliteModuleUI.ui">
      <Filter>Form Files</Filter>
    </QtUic>
    <QtUic Include="..\src\SingleClientConfigUI.ui">
      <Filter>Form Files</Filter>
    </QtUic>
  </ItemGroup>
  <ItemGroup>
    <ClCompile Include="..\src\ClientModuleUI.cpp">
      <Filter>Source Files</Filter>
    </ClCompile>
    <ClCompile Include="..\src\LogicCenter.cpp">
      <Filter>Source Files</Filter>
    </ClCompile>
    <ClCompile Include="..\src\LogModuleUI.cpp">
      <Filter>Source Files</Filter>
    </ClCompile>
    <ClCompile Include="..\src\main.cpp">
      <Filter>Source Files</Filter>
    </ClCompile>
    <ClCompile Include="..\src\NetManager.cpp">
      <Filter>Source Files</Filter>
    </ClCompile>
    <ClCompile Include="..\src\NtripClient.cpp">
      <Filter>Source Files</Filter>
    </ClCompile>
    <ClCompile Include="..\src\openrtk_qt.cpp">
      <Filter>Source Files</Filter>
    </ClCompile>
    <ClCompile Include="..\src\SatelliteModuleUI.cpp">
      <Filter>Source Files</Filter>
    </ClCompile>
    <ClCompile Include="..\src\SingleClientConfigUI.cpp">
      <Filter>Source Files</Filter>
    </ClCompile>
    <ClCompile Include="..\..\.piolibdeps\openimu-core-libraries_ID5523\GPS\src\nmea_st.c">
      <Filter>rtk</Filter>
    </ClCompile>
    <ClCompile Include="..\..\.piolibdeps\openimu-core-libraries_ID5523\GPS\src\rtcm.c">
      <Filter>rtk</Filter>
    </ClCompile>
    <ClCompile Include="..\..\src\user\ephemeris.c">
      <Filter>rtk</Filter>
    </ClCompile>
    <ClCompile Include="..\..\src\user\gnss_math.c">
      <Filter>rtk</Filter>
    </ClCompile>
    <ClCompile Include="..\..\src\user\gnss_nav_utils.c">
      <Filter>rtk</Filter>
    </ClCompile>
    <ClCompile Include="..\..\src\user\lambda.c">
      <Filter>rtk</Filter>
    </ClCompile>
    <ClCompile Include="..\..\src\user\ppprtk.c">
      <Filter>rtk</Filter>
    </ClCompile>
  </ItemGroup>
  <ItemGroup>
    <QtRcc Include="..\src\openrtk_qt.qrc">
      <Filter>Resource Files</Filter>
    </QtRcc>
  </ItemGroup>
  <ItemGroup>
    <ClInclude Include="..\..\.piolibdeps\openimu-core-libraries_ID5523\GPS\include\rtcm.h">
      <Filter>rtk</Filter>
    </ClInclude>
    <ClInclude Include="..\..\src\user\gnss_nav_utils.h">
      <Filter>rtk</Filter>
    </ClInclude>
    <ClInclude Include="..\..\src\user\lambda.h">
      <Filter>rtk</Filter>
    </ClInclude>
    <ClInclude Include="..\..\src\user\ppprtk.h">
      <Filter>rtk</Filter>
    </ClInclude>
  </ItemGroup>
</Project>